
Microsoft Visual Studio Solution File, Format Version 12.00
# Visual Studio Version 17
VisualStudioVersion = 17.14.36203.30 d17.14
MinimumVisualStudioVersion = 10.0.40219.1
Project("{FAE04EC0-301F-11D3-BF4B-00C04F79EFBC}") = "LSBSteganographyDetector", "LSBSteganographyDetector.csproj", "{C50D4793-AFCD-40F0-8790-11A54DDE0AA6}"
EndProject
Global
	GlobalSection(SolutionConfigurationPlatforms) = preSolution
		Debug|Any CPU = Debug|Any CPU
		Release|Any CPU = Release|Any CPU
	EndGlobalSection
	GlobalSection(ProjectConfigurationPlatforms) = postSolution
		{C50D4793-AFCD-40F0-8790-11A54DDE0AA6}.Debug|Any CPU.ActiveCfg = Debug|Any CPU
		{C50D4793-AFCD-40F0-8790-11A54DDE0AA6}.Debug|Any CPU.Build.0 = Debug|Any CPU
		{C50D4793-AFCD-40F0-8790-11A54DDE0AA6}.Debug|Any CPU.Deploy.0 = Debug|Any CPU
		{C50D4793-AFCD-40F0-8790-11A54DDE0AA6}.Release|Any CPU.ActiveCfg = Release|Any CPU
		{C50D4793-AFCD-40F0-8790-11A54DDE0AA6}.Release|Any CPU.Build.0 = Release|Any CPU
		{C50D4793-AFCD-40F0-8790-11A54DDE0AA6}.Release|Any CPU.Deploy.0 = Release|Any CPU
	EndGlobalSection
	GlobalSection(SolutionProperties) = preSolution
		HideSolutionNode = FALSE
	EndGlobalSection
	GlobalSection(ExtensibilityGlobals) = postSolution
		SolutionGuid = {4F2E6B32-5B5E-43B1-B0DF-9B8EFC6CB603}
	EndGlobalSection
EndGlobal
